// !$*UTF8*$!
{
	archiveVersion = 1;
	classes = {
	};
	objectVersion = 52;
	objects = {

/* Begin PBXBuildFile section */
		DA19341726E9A06F00BEC661 /* RBSongBridge.swift in Sources */ = {isa = PBXBuildFile; fileRef = DA19341626E9A06F00BEC661 /* RBSongBridge.swift */; };
		DA2E89A026E9E779003BF91C /* GuileHelpers.m in Sources */ = {isa = PBXBuildFile; fileRef = DA2E899F26E9E779003BF91C /* GuileHelpers.m */; };
		DA343EDF26621394000980E2 /* FormatterExtensions.swift in Sources */ = {isa = PBXBuildFile; fileRef = DA343EDE26621394000980E2 /* FormatterExtensions.swift */; };
		DA343EE1266213B6000980E2 /* TimeIntervalExtensions.swift in Sources */ = {isa = PBXBuildFile; fileRef = DA343EE0266213B6000980E2 /* TimeIntervalExtensions.swift */; };
		DA343EE326622367000980E2 /* SpotifyAPIExtensions.swift in Sources */ = {isa = PBXBuildFile; fileRef = DA343EE226622367000980E2 /* SpotifyAPIExtensions.swift */; };
		DA4F1AA926E61BDD00952E8F /* main.m in Sources */ = {isa = PBXBuildFile; fileRef = DA4F1AA826E61BDD00952E8F /* main.m */; };
		DA593BC126B5021D0039DB72 /* libspotiqueue_worker.a in Frameworks */ = {isa = PBXBuildFile; fileRef = DA593BC026B502000039DB72 /* libspotiqueue_worker.a */; };
		DA5AFB0C2656591300C6C468 /* Stenographer in Frameworks */ = {isa = PBXBuildFile; productRef = DA5AFB0B2656591300C6C468 /* Stenographer */; };
		DA5AFB0E26565CD300C6C468 /* RBSpotifyAPI.swift in Sources */ = {isa = PBXBuildFile; fileRef = DA5AFB0D26565CD300C6C468 /* RBSpotifyAPI.swift */; };
		DA5AFB1026567AB300C6C468 /* TrackExtensions.swift in Sources */ = {isa = PBXBuildFile; fileRef = DA5AFB0F26567AB300C6C468 /* TrackExtensions.swift */; };
		DA5AFB13265682D300C6C468 /* RBSearchTableView.swift in Sources */ = {isa = PBXBuildFile; fileRef = DA5AFB12265682D300C6C468 /* RBSearchTableView.swift */; };
		DA5AFB1D2658B7BE00C6C468 /* AudioToolbox.framework in Frameworks */ = {isa = PBXBuildFile; fileRef = DA5AFB1C2658B7BE00C6C468 /* AudioToolbox.framework */; };
		DA5AFB1F2658B7C800C6C468 /* CoreFoundation.framework in Frameworks */ = {isa = PBXBuildFile; fileRef = DA5AFB1E2658B7C700C6C468 /* CoreFoundation.framework */; };
		DA5AFB212658B7D100C6C468 /* CoreAudio.framework in Frameworks */ = {isa = PBXBuildFile; fileRef = DA5AFB202658B7D100C6C468 /* CoreAudio.framework */; };
		DA5AFB2D265A86FD00C6C468 /* RBTableView.swift in Sources */ = {isa = PBXBuildFile; fileRef = DA5AFB2C265A86FD00C6C468 /* RBTableView.swift */; };
		DA5AFB2F265A89BD00C6C468 /* RBQueueTableView.swift in Sources */ = {isa = PBXBuildFile; fileRef = DA5AFB2E265A89BD00C6C468 /* RBQueueTableView.swift */; };
		DA5AFB31265BB59900C6C468 /* CalendarExtensions.swift in Sources */ = {isa = PBXBuildFile; fileRef = DA5AFB30265BB59900C6C468 /* CalendarExtensions.swift */; };
		DA95643326746A9F001BEDCA /* libresolv.tbd in Frameworks */ = {isa = PBXBuildFile; fileRef = DA95643226746A9F001BEDCA /* libresolv.tbd */; };
		DAAE2F012653EA1F00FF0344 /* SpotifyAPI in Frameworks */ = {isa = PBXBuildFile; productRef = DAAE2F002653EA1F00FF0344 /* SpotifyAPI */; };
		DABEC90D2653534300CA3F67 /* RBSpotifySong.swift in Sources */ = {isa = PBXBuildFile; fileRef = DABEC90C2653534300CA3F67 /* RBSpotifySong.swift */; };
		DABEC90F26536F5800CA3F67 /* RBSecrets.swift in Sources */ = {isa = PBXBuildFile; fileRef = DABEC90E26536F5800CA3F67 /* RBSecrets.swift */; };
		DABEC9122653799100CA3F67 /* KeychainSwift in Frameworks */ = {isa = PBXBuildFile; productRef = DABEC9112653799100CA3F67 /* KeychainSwift */; };
		DACA708E268EA0D5009714DC /* RBFilterField.swift in Sources */ = {isa = PBXBuildFile; fileRef = DACA708D268EA0D5009714DC /* RBFilterField.swift */; };
		DAE1F18226534D660013704F /* AppDelegate.swift in Sources */ = {isa = PBXBuildFile; fileRef = DAE1F18126534D660013704F /* AppDelegate.swift */; };
		DAE1F18426534D670013704F /* Assets.xcassets in Resources */ = {isa = PBXBuildFile; fileRef = DAE1F18326534D670013704F /* Assets.xcassets */; };
		DAE88E2B26E8AA6700125A3F /* libiconv.tbd in Frameworks */ = {isa = PBXBuildFile; fileRef = DAE88E2A26E8AA6700125A3F /* libiconv.tbd */; };
		DAE88E2D26E8AA6C00125A3F /* libffi.tbd in Frameworks */ = {isa = PBXBuildFile; fileRef = DAE88E2C26E8AA6C00125A3F /* libffi.tbd */; };
		DAE88E3026E8AAA300125A3F /* init.scm in Resources */ = {isa = PBXBuildFile; fileRef = DAE88E2F26E8AAA300125A3F /* init.scm */; };
		DAFAB407265D1BE90096810C /* NSImageViewExtensions.swift in Sources */ = {isa = PBXBuildFile; fileRef = DAFAB406265D1BE90096810C /* NSImageViewExtensions.swift */; };
		EC34C8A32664D92300786C78 /* OptionSetExtensions.swift in Sources */ = {isa = PBXBuildFile; fileRef = EC34C8A22664D92300786C78 /* OptionSetExtensions.swift */; };
		EC34C8B82665C17C00786C78 /* ComparableExtensions.swift in Sources */ = {isa = PBXBuildFile; fileRef = EC34C8B72665C17C00786C78 /* ComparableExtensions.swift */; };
		EC97CFB02679E29000A0361C /* AppMover in Frameworks */ = {isa = PBXBuildFile; productRef = EC97CFAF2679E29000A0361C /* AppMover */; };
		EC97CFB5267AFFA400A0361C /* Sparkle.framework in Frameworks */ = {isa = PBXBuildFile; fileRef = EC97CFB3267AFF7700A0361C /* Sparkle.framework */; };
		EC97CFB6267AFFA400A0361C /* Sparkle.framework in Embed Frameworks */ = {isa = PBXBuildFile; fileRef = EC97CFB3267AFF7700A0361C /* Sparkle.framework */; settings = {ATTRIBUTES = (CodeSignOnCopy, RemoveHeadersOnCopy, ); }; };
		EC9B31A82677048000E5C44B /* RBLoginWindow.swift in Sources */ = {isa = PBXBuildFile; fileRef = EC9B31A62677048000E5C44B /* RBLoginWindow.swift */; };
		EC9B31A92677048000E5C44B /* RBLoginWindow.xib in Resources */ = {isa = PBXBuildFile; fileRef = EC9B31A72677048000E5C44B /* RBLoginWindow.xib */; };
		ECB750492676E4D80011DFF6 /* MainMenu.xib in Resources */ = {isa = PBXBuildFile; fileRef = ECB750482676E4D80011DFF6 /* MainMenu.xib */; };
		ECEFFD4A2689AE6D004C33AE /* PublishersExtensions.swift in Sources */ = {isa = PBXBuildFile; fileRef = ECEFFD492689AE6D004C33AE /* PublishersExtensions.swift */; };
/* End PBXBuildFile section */

/* Begin PBXContainerItemProxy section */
		DA593BBF26B502000039DB72 /* PBXContainerItemProxy */ = {
			isa = PBXContainerItemProxy;
			containerPortal = DA593BBA26B502000039DB72 /* spotiqueue_worker.xcodeproj */;
			proxyType = 2;
			remoteGlobalIDString = CA606788D0A6F2996E6A3E81;
			remoteInfo = "spotiqueue_worker-staticlib";
		};
/* End PBXContainerItemProxy section */

/* Begin PBXCopyFilesBuildPhase section */
		DAD7D73826775A6A00A5510E /* Embed Frameworks */ = {
			isa = PBXCopyFilesBuildPhase;
			buildActionMask = 2147483647;
			dstPath = "";
			dstSubfolderSpec = 10;
			files = (
				EC97CFB6267AFFA400A0361C /* Sparkle.framework in Embed Frameworks */,
			);
			name = "Embed Frameworks";
			runOnlyForDeploymentPostprocessing = 0;
		};
/* End PBXCopyFilesBuildPhase section */

/* Begin PBXFileReference section */
		DA19341626E9A06F00BEC661 /* RBSongBridge.swift */ = {isa = PBXFileReference; lastKnownFileType = sourcecode.swift; path = RBSongBridge.swift; sourceTree = "<group>"; };
		DA2E899E26E9E779003BF91C /* GuileHelpers.h */ = {isa = PBXFileReference; lastKnownFileType = sourcecode.c.h; path = GuileHelpers.h; sourceTree = "<group>"; };
		DA2E899F26E9E779003BF91C /* GuileHelpers.m */ = {isa = PBXFileReference; lastKnownFileType = sourcecode.c.objc; path = GuileHelpers.m; sourceTree = "<group>"; };
		DA343EDE26621394000980E2 /* FormatterExtensions.swift */ = {isa = PBXFileReference; lastKnownFileType = sourcecode.swift; path = FormatterExtensions.swift; sourceTree = "<group>"; };
		DA343EE0266213B6000980E2 /* TimeIntervalExtensions.swift */ = {isa = PBXFileReference; lastKnownFileType = sourcecode.swift; path = TimeIntervalExtensions.swift; sourceTree = "<group>"; };
		DA343EE226622367000980E2 /* SpotifyAPIExtensions.swift */ = {isa = PBXFileReference; lastKnownFileType = sourcecode.swift; path = SpotifyAPIExtensions.swift; sourceTree = "<group>"; };
		DA4F1AA826E61BDD00952E8F /* main.m */ = {isa = PBXFileReference; lastKnownFileType = sourcecode.c.objc; path = main.m; sourceTree = "<group>"; };
		DA593BBA26B502000039DB72 /* spotiqueue_worker.xcodeproj */ = {isa = PBXFileReference; lastKnownFileType = "wrapper.pb-project"; name = spotiqueue_worker.xcodeproj; path = spotiqueue_worker/spotiqueue_worker.xcodeproj; sourceTree = "<group>"; };
		DA5AFB0D26565CD300C6C468 /* RBSpotifyAPI.swift */ = {isa = PBXFileReference; lastKnownFileType = sourcecode.swift; path = RBSpotifyAPI.swift; sourceTree = "<group>"; };
		DA5AFB0F26567AB300C6C468 /* TrackExtensions.swift */ = {isa = PBXFileReference; lastKnownFileType = sourcecode.swift; path = TrackExtensions.swift; sourceTree = "<group>"; };
		DA5AFB12265682D300C6C468 /* RBSearchTableView.swift */ = {isa = PBXFileReference; lastKnownFileType = sourcecode.swift; path = RBSearchTableView.swift; sourceTree = "<group>"; };
		DA5AFB182658A6F400C6C468 /* Spotiqueue-Bridging-Header.h */ = {isa = PBXFileReference; lastKnownFileType = sourcecode.c.h; path = "Spotiqueue-Bridging-Header.h"; sourceTree = "<group>"; };
		DA5AFB1C2658B7BE00C6C468 /* AudioToolbox.framework */ = {isa = PBXFileReference; lastKnownFileType = wrapper.framework; name = AudioToolbox.framework; path = System/Library/Frameworks/AudioToolbox.framework; sourceTree = SDKROOT; };
		DA5AFB1E2658B7C700C6C468 /* CoreFoundation.framework */ = {isa = PBXFileReference; lastKnownFileType = wrapper.framework; name = CoreFoundation.framework; path = System/Library/Frameworks/CoreFoundation.framework; sourceTree = SDKROOT; };
		DA5AFB202658B7D100C6C468 /* CoreAudio.framework */ = {isa = PBXFileReference; lastKnownFileType = wrapper.framework; name = CoreAudio.framework; path = System/Library/Frameworks/CoreAudio.framework; sourceTree = SDKROOT; };
		DA5AFB2C265A86FD00C6C468 /* RBTableView.swift */ = {isa = PBXFileReference; lastKnownFileType = sourcecode.swift; path = RBTableView.swift; sourceTree = "<group>"; };
		DA5AFB2E265A89BD00C6C468 /* RBQueueTableView.swift */ = {isa = PBXFileReference; lastKnownFileType = sourcecode.swift; path = RBQueueTableView.swift; sourceTree = "<group>"; };
		DA5AFB30265BB59900C6C468 /* CalendarExtensions.swift */ = {isa = PBXFileReference; lastKnownFileType = sourcecode.swift; path = CalendarExtensions.swift; sourceTree = "<group>"; };
		DA95643226746A9F001BEDCA /* libresolv.tbd */ = {isa = PBXFileReference; lastKnownFileType = "sourcecode.text-based-dylib-definition"; name = libresolv.tbd; path = usr/lib/libresolv.tbd; sourceTree = SDKROOT; };
		DA9564442674816D001BEDCA /* spotiqueue_worker_bindings.h */ = {isa = PBXFileReference; fileEncoding = 4; lastKnownFileType = sourcecode.c.h; name = spotiqueue_worker_bindings.h; path = spotiqueue_worker/spotiqueue_worker_bindings.h; sourceTree = "<group>"; };
		DABEC90C2653534300CA3F67 /* RBSpotifySong.swift */ = {isa = PBXFileReference; lastKnownFileType = sourcecode.swift; path = RBSpotifySong.swift; sourceTree = "<group>"; };
		DABEC90E26536F5800CA3F67 /* RBSecrets.swift */ = {isa = PBXFileReference; lastKnownFileType = sourcecode.swift; path = RBSecrets.swift; sourceTree = "<group>"; };
		DACA708D268EA0D5009714DC /* RBFilterField.swift */ = {isa = PBXFileReference; lastKnownFileType = sourcecode.swift; path = RBFilterField.swift; sourceTree = "<group>"; };
		DAE1F17E26534D660013704F /* Spotiqueue.app */ = {isa = PBXFileReference; explicitFileType = wrapper.application; includeInIndex = 0; path = Spotiqueue.app; sourceTree = BUILT_PRODUCTS_DIR; };
		DAE1F18126534D660013704F /* AppDelegate.swift */ = {isa = PBXFileReference; lastKnownFileType = sourcecode.swift; path = AppDelegate.swift; sourceTree = "<group>"; };
		DAE1F18326534D670013704F /* Assets.xcassets */ = {isa = PBXFileReference; lastKnownFileType = folder.assetcatalog; path = Assets.xcassets; sourceTree = "<group>"; };
		DAE1F18826534D670013704F /* Info.plist */ = {isa = PBXFileReference; lastKnownFileType = text.plist.xml; path = Info.plist; sourceTree = "<group>"; };
		DAE1F18926534D670013704F /* Spotiqueue.entitlements */ = {isa = PBXFileReference; lastKnownFileType = text.plist.entitlements; path = Spotiqueue.entitlements; sourceTree = "<group>"; };
		DAE88E2A26E8AA6700125A3F /* libiconv.tbd */ = {isa = PBXFileReference; lastKnownFileType = "sourcecode.text-based-dylib-definition"; name = libiconv.tbd; path = usr/lib/libiconv.tbd; sourceTree = SDKROOT; };
		DAE88E2C26E8AA6C00125A3F /* libffi.tbd */ = {isa = PBXFileReference; lastKnownFileType = "sourcecode.text-based-dylib-definition"; name = libffi.tbd; path = usr/lib/libffi.tbd; sourceTree = SDKROOT; };
		DAE88E2F26E8AAA300125A3F /* init.scm */ = {isa = PBXFileReference; fileEncoding = 4; lastKnownFileType = text; path = init.scm; sourceTree = "<group>"; };
		DAFAB406265D1BE90096810C /* NSImageViewExtensions.swift */ = {isa = PBXFileReference; lastKnownFileType = sourcecode.swift; path = NSImageViewExtensions.swift; sourceTree = "<group>"; };
		EC34C8A22664D92300786C78 /* OptionSetExtensions.swift */ = {isa = PBXFileReference; lastKnownFileType = sourcecode.swift; path = OptionSetExtensions.swift; sourceTree = "<group>"; };
		EC34C8B72665C17C00786C78 /* ComparableExtensions.swift */ = {isa = PBXFileReference; lastKnownFileType = sourcecode.swift; path = ComparableExtensions.swift; sourceTree = "<group>"; };
		EC97CFB3267AFF7700A0361C /* Sparkle.framework */ = {isa = PBXFileReference; lastKnownFileType = wrapper.framework; name = Sparkle.framework; path = Spotiqueue/Sparkle.framework; sourceTree = "<group>"; };
		EC9B31A62677048000E5C44B /* RBLoginWindow.swift */ = {isa = PBXFileReference; lastKnownFileType = sourcecode.swift; path = RBLoginWindow.swift; sourceTree = "<group>"; };
		EC9B31A72677048000E5C44B /* RBLoginWindow.xib */ = {isa = PBXFileReference; lastKnownFileType = file.xib; path = RBLoginWindow.xib; sourceTree = "<group>"; };
		ECB750482676E4D80011DFF6 /* MainMenu.xib */ = {isa = PBXFileReference; fileEncoding = 4; lastKnownFileType = file.xib; path = MainMenu.xib; sourceTree = "<group>"; };
		ECEFFD492689AE6D004C33AE /* PublishersExtensions.swift */ = {isa = PBXFileReference; lastKnownFileType = sourcecode.swift; path = PublishersExtensions.swift; sourceTree = "<group>"; };
/* End PBXFileReference section */

/* Begin PBXFrameworksBuildPhase section */
		DAE1F17B26534D660013704F /* Frameworks */ = {
			isa = PBXFrameworksBuildPhase;
			buildActionMask = 2147483647;
			files = (
				DAE88E2D26E8AA6C00125A3F /* libffi.tbd in Frameworks */,
				DAE88E2B26E8AA6700125A3F /* libiconv.tbd in Frameworks */,
				DA593BC126B5021D0039DB72 /* libspotiqueue_worker.a in Frameworks */,
				DA95643326746A9F001BEDCA /* libresolv.tbd in Frameworks */,
				DA5AFB212658B7D100C6C468 /* CoreAudio.framework in Frameworks */,
				DA5AFB1F2658B7C800C6C468 /* CoreFoundation.framework in Frameworks */,
				EC97CFB02679E29000A0361C /* AppMover in Frameworks */,
				DA5AFB1D2658B7BE00C6C468 /* AudioToolbox.framework in Frameworks */,
				DAAE2F012653EA1F00FF0344 /* SpotifyAPI in Frameworks */,
				DABEC9122653799100CA3F67 /* KeychainSwift in Frameworks */,
				EC97CFB5267AFFA400A0361C /* Sparkle.framework in Frameworks */,
				DA5AFB0C2656591300C6C468 /* Stenographer in Frameworks */,
			);
			runOnlyForDeploymentPostprocessing = 0;
		};
/* End PBXFrameworksBuildPhase section */

/* Begin PBXGroup section */
		DA593BBB26B502000039DB72 /* Products */ = {
			isa = PBXGroup;
			children = (
				DA593BC026B502000039DB72 /* libspotiqueue_worker.a */,
			);
			name = Products;
			sourceTree = "<group>";
		};
		DA5AFB1126567B2400C6C468 /* Extensions */ = {
			isa = PBXGroup;
			children = (
				DA5AFB30265BB59900C6C468 /* CalendarExtensions.swift */,
				EC34C8B72665C17C00786C78 /* ComparableExtensions.swift */,
				DA343EDE26621394000980E2 /* FormatterExtensions.swift */,
				DAFAB406265D1BE90096810C /* NSImageViewExtensions.swift */,
				EC34C8A22664D92300786C78 /* OptionSetExtensions.swift */,
				ECEFFD492689AE6D004C33AE /* PublishersExtensions.swift */,
				DA343EE226622367000980E2 /* SpotifyAPIExtensions.swift */,
				DA343EE0266213B6000980E2 /* TimeIntervalExtensions.swift */,
				DA5AFB0F26567AB300C6C468 /* TrackExtensions.swift */,
			);
			path = Extensions;
			sourceTree = "<group>";
		};
		DA5AFB142658A15E00C6C468 /* Classes */ = {
			isa = PBXGroup;
			children = (
				DA5AFB1126567B2400C6C468 /* Extensions */,
				EC90ED33267B446F003C3C0D /* Tables */,
				DABEC90E26536F5800CA3F67 /* RBSecrets.swift */,
				DA5AFB0D26565CD300C6C468 /* RBSpotifyAPI.swift */,
				DABEC90C2653534300CA3F67 /* RBSpotifySong.swift */,
				DACA708D268EA0D5009714DC /* RBFilterField.swift */,
				DA19341626E9A06F00BEC661 /* RBSongBridge.swift */,
			);
			path = Classes;
			sourceTree = "<group>";
		};
		DA5AFB152658A6C500C6C468 /* Frameworks */ = {
			isa = PBXGroup;
			children = (
				DAE88E2C26E8AA6C00125A3F /* libffi.tbd */,
				DAE88E2A26E8AA6700125A3F /* libiconv.tbd */,
				DA95643226746A9F001BEDCA /* libresolv.tbd */,
				DA5AFB1C2658B7BE00C6C468 /* AudioToolbox.framework */,
				DA5AFB202658B7D100C6C468 /* CoreAudio.framework */,
				DA5AFB1E2658B7C700C6C468 /* CoreFoundation.framework */,
				EC97CFB3267AFF7700A0361C /* Sparkle.framework */,
			);
			name = Frameworks;
			sourceTree = "<group>";
		};
		DAE1F17526534D660013704F = {
			isa = PBXGroup;
			children = (
				DA593BBA26B502000039DB72 /* spotiqueue_worker.xcodeproj */,
				DAE1F18026534D660013704F /* Spotiqueue */,
				DAE1F17F26534D660013704F /* Products */,
				DA5AFB152658A6C500C6C468 /* Frameworks */,
				DA5AFB182658A6F400C6C468 /* Spotiqueue-Bridging-Header.h */,
				DA9564442674816D001BEDCA /* spotiqueue_worker_bindings.h */,
			);
			sourceTree = "<group>";
		};
		DAE1F17F26534D660013704F /* Products */ = {
			isa = PBXGroup;
			children = (
				DAE1F17E26534D660013704F /* Spotiqueue.app */,
			);
			name = Products;
			sourceTree = "<group>";
		};
		DAE1F18026534D660013704F /* Spotiqueue */ = {
			isa = PBXGroup;
			children = (
				DAE88E2E26E8AA8C00125A3F /* guile */,
				DA5AFB142658A15E00C6C468 /* Classes */,
				EC90ED34267B44C0003C3C0D /* UI */,
				DAE1F18126534D660013704F /* AppDelegate.swift */,
				ECB750482676E4D80011DFF6 /* MainMenu.xib */,
				DA4F1AA826E61BDD00952E8F /* main.m */,
				DAE1F18326534D670013704F /* Assets.xcassets */,
				DAE1F18826534D670013704F /* Info.plist */,
				DAE1F18926534D670013704F /* Spotiqueue.entitlements */,
				DA2E899E26E9E779003BF91C /* GuileHelpers.h */,
				DA2E899F26E9E779003BF91C /* GuileHelpers.m */,
			);
			path = Spotiqueue;
			sourceTree = "<group>";
		};
		DAE88E2E26E8AA8C00125A3F /* guile */ = {
			isa = PBXGroup;
			children = (
				DAE88E2F26E8AAA300125A3F /* init.scm */,
			);
			path = guile;
			sourceTree = "<group>";
		};
		EC90ED33267B446F003C3C0D /* Tables */ = {
			isa = PBXGroup;
			children = (
				DA5AFB2E265A89BD00C6C468 /* RBQueueTableView.swift */,
				DA5AFB12265682D300C6C468 /* RBSearchTableView.swift */,
				DA5AFB2C265A86FD00C6C468 /* RBTableView.swift */,
			);
			name = Tables;
			sourceTree = "<group>";
		};
		EC90ED34267B44C0003C3C0D /* UI */ = {
			isa = PBXGroup;
			children = (
				EC9B31A62677048000E5C44B /* RBLoginWindow.swift */,
				EC9B31A72677048000E5C44B /* RBLoginWindow.xib */,
			);
			name = UI;
			sourceTree = "<group>";
		};
/* End PBXGroup section */

/* Begin PBXNativeTarget section */
		DAE1F17D26534D660013704F /* Spotiqueue */ = {
			isa = PBXNativeTarget;
			buildConfigurationList = DAE1F18C26534D670013704F /* Build configuration list for PBXNativeTarget "Spotiqueue" */;
			buildPhases = (
				DAE1F17A26534D660013704F /* Sources */,
				DAE1F17B26534D660013704F /* Frameworks */,
				DAE1F17C26534D660013704F /* Resources */,
				DAD7D73826775A6A00A5510E /* Embed Frameworks */,
			);
			buildRules = (
			);
			dependencies = (
			);
			name = Spotiqueue;
			packageProductDependencies = (
				DABEC9112653799100CA3F67 /* KeychainSwift */,
				DAAE2F002653EA1F00FF0344 /* SpotifyAPI */,
				DA5AFB0B2656591300C6C468 /* Stenographer */,
				EC97CFAF2679E29000A0361C /* AppMover */,
			);
			productName = Spotiqueue;
			productReference = DAE1F17E26534D660013704F /* Spotiqueue.app */;
			productType = "com.apple.product-type.application";
		};
/* End PBXNativeTarget section */

/* Begin PBXProject section */
		DAE1F17626534D660013704F /* Project object */ = {
			isa = PBXProject;
			attributes = {
				CLASSPREFIX = RB;
				LastSwiftUpdateCheck = 1130;
				LastUpgradeCheck = 1250;
				ORGANIZATIONNAME = "Rustling Broccoli";
				TargetAttributes = {
					DAE1F17D26534D660013704F = {
						CreatedOnToolsVersion = 11.3.1;
						LastSwiftMigration = 1250;
					};
				};
			};
			buildConfigurationList = DAE1F17926534D660013704F /* Build configuration list for PBXProject "Spotiqueue" */;
			compatibilityVersion = "Xcode 9.3";
			developmentRegion = en;
			hasScannedForEncodings = 0;
			knownRegions = (
				en,
				Base,
			);
			mainGroup = DAE1F17526534D660013704F;
			packageReferences = (
				DABEC9102653799100CA3F67 /* XCRemoteSwiftPackageReference "keychain-swift" */,
				DAAE2EFF2653EA1F00FF0344 /* XCRemoteSwiftPackageReference "SpotifyAPI" */,
				DA5AFB0A2656591300C6C468 /* XCRemoteSwiftPackageReference "stenographer" */,
				EC97CFAE2679E29000A0361C /* XCRemoteSwiftPackageReference "AppMover" */,
			);
			productRefGroup = DAE1F17F26534D660013704F /* Products */;
			projectDirPath = "";
			projectReferences = (
				{
					ProductGroup = DA593BBB26B502000039DB72 /* Products */;
					ProjectRef = DA593BBA26B502000039DB72 /* spotiqueue_worker.xcodeproj */;
				},
			);
			projectRoot = "";
			targets = (
				DAE1F17D26534D660013704F /* Spotiqueue */,
			);
		};
/* End PBXProject section */

/* Begin PBXReferenceProxy section */
		DA593BC026B502000039DB72 /* libspotiqueue_worker.a */ = {
			isa = PBXReferenceProxy;
			fileType = archive.ar;
			path = libspotiqueue_worker.a;
			remoteRef = DA593BBF26B502000039DB72 /* PBXContainerItemProxy */;
			sourceTree = BUILT_PRODUCTS_DIR;
		};
/* End PBXReferenceProxy section */

/* Begin PBXResourcesBuildPhase section */
		DAE1F17C26534D660013704F /* Resources */ = {
			isa = PBXResourcesBuildPhase;
			buildActionMask = 2147483647;
			files = (
				EC9B31A92677048000E5C44B /* RBLoginWindow.xib in Resources */,
				DAE88E3026E8AAA300125A3F /* init.scm in Resources */,
				DAE1F18426534D670013704F /* Assets.xcassets in Resources */,
				ECB750492676E4D80011DFF6 /* MainMenu.xib in Resources */,
			);
			runOnlyForDeploymentPostprocessing = 0;
		};
/* End PBXResourcesBuildPhase section */

/* Begin PBXSourcesBuildPhase section */
		DAE1F17A26534D660013704F /* Sources */ = {
			isa = PBXSourcesBuildPhase;
			buildActionMask = 2147483647;
			files = (
				DA5AFB0E26565CD300C6C468 /* RBSpotifyAPI.swift in Sources */,
				DA343EE326622367000980E2 /* SpotifyAPIExtensions.swift in Sources */,
				DAE1F18226534D660013704F /* AppDelegate.swift in Sources */,
				EC9B31A82677048000E5C44B /* RBLoginWindow.swift in Sources */,
				DA5AFB31265BB59900C6C468 /* CalendarExtensions.swift in Sources */,
				DABEC90F26536F5800CA3F67 /* RBSecrets.swift in Sources */,
				DACA708E268EA0D5009714DC /* RBFilterField.swift in Sources */,
				DA5AFB2D265A86FD00C6C468 /* RBTableView.swift in Sources */,
				DA4F1AA926E61BDD00952E8F /* main.m in Sources */,
				DA19341726E9A06F00BEC661 /* RBSongBridge.swift in Sources */,
				DAFAB407265D1BE90096810C /* NSImageViewExtensions.swift in Sources */,
				DA343EDF26621394000980E2 /* FormatterExtensions.swift in Sources */,
				DA343EE1266213B6000980E2 /* TimeIntervalExtensions.swift in Sources */,
				DA5AFB13265682D300C6C468 /* RBSearchTableView.swift in Sources */,
				ECEFFD4A2689AE6D004C33AE /* PublishersExtensions.swift in Sources */,
				DABEC90D2653534300CA3F67 /* RBSpotifySong.swift in Sources */,
				EC34C8B82665C17C00786C78 /* ComparableExtensions.swift in Sources */,
				DA5AFB1026567AB300C6C468 /* TrackExtensions.swift in Sources */,
				DA5AFB2F265A89BD00C6C468 /* RBQueueTableView.swift in Sources */,
				DA2E89A026E9E779003BF91C /* GuileHelpers.m in Sources */,
				EC34C8A32664D92300786C78 /* OptionSetExtensions.swift in Sources */,
			);
			runOnlyForDeploymentPostprocessing = 0;
		};
/* End PBXSourcesBuildPhase section */

/* Begin XCBuildConfiguration section */
		DAE1F18A26534D670013704F /* Debug */ = {
			isa = XCBuildConfiguration;
			buildSettings = {
				ALWAYS_SEARCH_USER_PATHS = NO;
				CLANG_ANALYZER_NONNULL = YES;
				CLANG_ANALYZER_NUMBER_OBJECT_CONVERSION = YES_AGGRESSIVE;
				CLANG_CXX_LANGUAGE_STANDARD = "gnu++14";
				CLANG_CXX_LIBRARY = "libc++";
				CLANG_ENABLE_MODULES = YES;
				CLANG_ENABLE_OBJC_ARC = YES;
				CLANG_ENABLE_OBJC_WEAK = YES;
				CLANG_WARN_BLOCK_CAPTURE_AUTORELEASING = YES;
				CLANG_WARN_BOOL_CONVERSION = YES;
				CLANG_WARN_COMMA = YES;
				CLANG_WARN_CONSTANT_CONVERSION = YES;
				CLANG_WARN_DEPRECATED_OBJC_IMPLEMENTATIONS = YES;
				CLANG_WARN_DIRECT_OBJC_ISA_USAGE = YES_ERROR;
				CLANG_WARN_DOCUMENTATION_COMMENTS = YES;
				CLANG_WARN_EMPTY_BODY = YES;
				CLANG_WARN_ENUM_CONVERSION = YES;
				CLANG_WARN_INFINITE_RECURSION = YES;
				CLANG_WARN_INT_CONVERSION = YES;
				CLANG_WARN_NON_LITERAL_NULL_CONVERSION = YES;
				CLANG_WARN_OBJC_IMPLICIT_RETAIN_SELF = YES;
				CLANG_WARN_OBJC_LITERAL_CONVERSION = YES;
				CLANG_WARN_OBJC_ROOT_CLASS = YES_ERROR;
				CLANG_WARN_QUOTED_INCLUDE_IN_FRAMEWORK_HEADER = YES;
				CLANG_WARN_RANGE_LOOP_ANALYSIS = YES;
				CLANG_WARN_STRICT_PROTOTYPES = YES;
				CLANG_WARN_SUSPICIOUS_MOVE = YES;
				CLANG_WARN_UNGUARDED_AVAILABILITY = YES_AGGRESSIVE;
				CLANG_WARN_UNREACHABLE_CODE = YES;
				CLANG_WARN__DUPLICATE_METHOD_MATCH = YES;
				COPY_PHASE_STRIP = NO;
				DEBUG_INFORMATION_FORMAT = dwarf;
				ENABLE_STRICT_OBJC_MSGSEND = YES;
				ENABLE_TESTABILITY = YES;
				GCC_C_LANGUAGE_STANDARD = gnu11;
				GCC_DYNAMIC_NO_PIC = NO;
				GCC_NO_COMMON_BLOCKS = YES;
				GCC_OPTIMIZATION_LEVEL = 0;
				GCC_PREPROCESSOR_DEFINITIONS = (
					"DEBUG=1",
					"$(inherited)",
				);
				GCC_WARN_64_TO_32_BIT_CONVERSION = YES;
				GCC_WARN_ABOUT_RETURN_TYPE = YES_ERROR;
				GCC_WARN_UNDECLARED_SELECTOR = YES;
				GCC_WARN_UNINITIALIZED_AUTOS = YES_AGGRESSIVE;
				GCC_WARN_UNUSED_FUNCTION = YES;
				GCC_WARN_UNUSED_VARIABLE = YES;
				HEADER_SEARCH_PATHS = (
					"$SRCROOT/spotiqueue-worker/**",
					/usr/local/Cellar/guile/3.0.7/include/guile/3.0,
					"/usr/local/opt/bdw-gc/include",
					/usr/local/opt/readline/include,
					/usr/local/opt/gmp/include,
					/usr/local/opt/gmp,
				);
				MACOSX_DEPLOYMENT_TARGET = 10.15;
				MTL_ENABLE_DEBUG_INFO = INCLUDE_SOURCE;
				MTL_FAST_MATH = YES;
				ONLY_ACTIVE_ARCH = YES;
				OTHER_LDFLAGS = "";
				"OTHER_SWIFT_FLAGS[arch=*]" = "-DDEBUG";
				SDKROOT = macosx;
				SWIFT_ACTIVE_COMPILATION_CONDITIONS = DEBUG;
				SWIFT_OPTIMIZATION_LEVEL = "-Onone";
			};
			name = Debug;
		};
		DAE1F18B26534D670013704F /* Release */ = {
			isa = XCBuildConfiguration;
			buildSettings = {
				ALWAYS_SEARCH_USER_PATHS = NO;
				CLANG_ANALYZER_NONNULL = YES;
				CLANG_ANALYZER_NUMBER_OBJECT_CONVERSION = YES_AGGRESSIVE;
				CLANG_CXX_LANGUAGE_STANDARD = "gnu++14";
				CLANG_CXX_LIBRARY = "libc++";
				CLANG_ENABLE_MODULES = YES;
				CLANG_ENABLE_OBJC_ARC = YES;
				CLANG_ENABLE_OBJC_WEAK = YES;
				CLANG_WARN_BLOCK_CAPTURE_AUTORELEASING = YES;
				CLANG_WARN_BOOL_CONVERSION = YES;
				CLANG_WARN_COMMA = YES;
				CLANG_WARN_CONSTANT_CONVERSION = YES;
				CLANG_WARN_DEPRECATED_OBJC_IMPLEMENTATIONS = YES;
				CLANG_WARN_DIRECT_OBJC_ISA_USAGE = YES_ERROR;
				CLANG_WARN_DOCUMENTATION_COMMENTS = YES;
				CLANG_WARN_EMPTY_BODY = YES;
				CLANG_WARN_ENUM_CONVERSION = YES;
				CLANG_WARN_INFINITE_RECURSION = YES;
				CLANG_WARN_INT_CONVERSION = YES;
				CLANG_WARN_NON_LITERAL_NULL_CONVERSION = YES;
				CLANG_WARN_OBJC_IMPLICIT_RETAIN_SELF = YES;
				CLANG_WARN_OBJC_LITERAL_CONVERSION = YES;
				CLANG_WARN_OBJC_ROOT_CLASS = YES_ERROR;
				CLANG_WARN_QUOTED_INCLUDE_IN_FRAMEWORK_HEADER = YES;
				CLANG_WARN_RANGE_LOOP_ANALYSIS = YES;
				CLANG_WARN_STRICT_PROTOTYPES = YES;
				CLANG_WARN_SUSPICIOUS_MOVE = YES;
				CLANG_WARN_UNGUARDED_AVAILABILITY = YES_AGGRESSIVE;
				CLANG_WARN_UNREACHABLE_CODE = YES;
				CLANG_WARN__DUPLICATE_METHOD_MATCH = YES;
				COPY_PHASE_STRIP = NO;
				DEBUG_INFORMATION_FORMAT = "dwarf-with-dsym";
				ENABLE_NS_ASSERTIONS = NO;
				ENABLE_STRICT_OBJC_MSGSEND = YES;
				GCC_C_LANGUAGE_STANDARD = gnu11;
				GCC_NO_COMMON_BLOCKS = YES;
				GCC_WARN_64_TO_32_BIT_CONVERSION = YES;
				GCC_WARN_ABOUT_RETURN_TYPE = YES_ERROR;
				GCC_WARN_UNDECLARED_SELECTOR = YES;
				GCC_WARN_UNINITIALIZED_AUTOS = YES_AGGRESSIVE;
				GCC_WARN_UNUSED_FUNCTION = YES;
				GCC_WARN_UNUSED_VARIABLE = YES;
				HEADER_SEARCH_PATHS = (
					"$SRCROOT/spotiqueue-worker/**",
					/usr/local/Cellar/guile/3.0.7/include/guile/3.0,
					"/usr/local/opt/bdw-gc/include",
					/usr/local/opt/readline/include,
					/usr/local/opt/gmp/include,
					/usr/local/opt/gmp,
				);
				MACOSX_DEPLOYMENT_TARGET = 10.15;
				MTL_ENABLE_DEBUG_INFO = NO;
				MTL_FAST_MATH = YES;
				ONLY_ACTIVE_ARCH = YES;
				OTHER_LDFLAGS = "";
				OTHER_SWIFT_FLAGS = "-DRELEASE";
				SDKROOT = macosx;
				SWIFT_COMPILATION_MODE = wholemodule;
				SWIFT_OPTIMIZATION_LEVEL = "-O";
			};
			name = Release;
		};
		DAE1F18D26534D670013704F /* Debug */ = {
			isa = XCBuildConfiguration;
			buildSettings = {
				ASSETCATALOG_COMPILER_APPICON_NAME = AppIcon;
				CLANG_ENABLE_MODULES = YES;
				CODE_SIGN_ENTITLEMENTS = Spotiqueue/Spotiqueue.entitlements;
				CODE_SIGN_IDENTITY = "Apple Development";
				CODE_SIGN_STYLE = Automatic;
				COMBINE_HIDPI_IMAGES = YES;
				CURRENT_PROJECT_VERSION = 841;
				DEVELOPMENT_TEAM = QG72S9L5L3;
				ENABLE_HARDENED_RUNTIME = YES;
				FRAMEWORK_SEARCH_PATHS = (
					"$(inherited)",
					"$(PROJECT_DIR)/Spotiqueue",
				);
				GCC_GENERATE_DEBUGGING_SYMBOLS = YES;
				INFOPLIST_FILE = Spotiqueue/Info.plist;
				LD_RUNPATH_SEARCH_PATHS = (
					"$(inherited)",
					"@executable_path/../Frameworks",
				);
				LIBRARY_SEARCH_PATHS = "$(inherited)";
				MARKETING_VERSION = 2.2.1;
				OTHER_CFLAGS = "-D_THREAD_SAFE";
				OTHER_LDFLAGS = (
					/usr/local/lib/libgc.a,
					/usr/local/lib/libgmp.a,
					"/usr/local/lib/libguile-3.0.a",
					/usr/local/lib/libunistring.a,
				);
				PRODUCT_BUNDLE_IDENTIFIER = com.rustlingbroccoli.Spotiqueue;
				PRODUCT_NAME = "$(TARGET_NAME)";
				SWIFT_OBJC_BRIDGING_HEADER = "Spotiqueue-Bridging-Header.h";
				SWIFT_OPTIMIZATION_LEVEL = "-Onone";
				SWIFT_VERSION = 5.0;
				VERSIONING_SYSTEM = "apple-generic";
			};
			name = Debug;
		};
		DAE1F18E26534D670013704F /* Release */ = {
			isa = XCBuildConfiguration;
			buildSettings = {
				ASSETCATALOG_COMPILER_APPICON_NAME = AppIcon;
				CLANG_ENABLE_MODULES = YES;
				CODE_SIGN_ENTITLEMENTS = Spotiqueue/Spotiqueue.entitlements;
				CODE_SIGN_IDENTITY = "Apple Development";
				CODE_SIGN_STYLE = Automatic;
				COMBINE_HIDPI_IMAGES = YES;
				CURRENT_PROJECT_VERSION = 841;
				DEVELOPMENT_TEAM = QG72S9L5L3;
				ENABLE_HARDENED_RUNTIME = YES;
				FRAMEWORK_SEARCH_PATHS = (
					"$(inherited)",
					"$(PROJECT_DIR)/Spotiqueue",
				);
				GCC_GENERATE_DEBUGGING_SYMBOLS = NO;
				INFOPLIST_FILE = Spotiqueue/Info.plist;
				LD_RUNPATH_SEARCH_PATHS = (
					"$(inherited)",
					"@executable_path/../Frameworks",
				);
				LIBRARY_SEARCH_PATHS = "$(inherited)";
				MARKETING_VERSION = 2.2.1;
				OTHER_CFLAGS = "-D_THREAD_SAFE";
				OTHER_LDFLAGS = (
					/usr/local/lib/libgc.a,
					/usr/local/lib/libgmp.a,
					"/usr/local/lib/libguile-3.0.a",
					/usr/local/lib/libunistring.a,
				);
				PRODUCT_BUNDLE_IDENTIFIER = com.rustlingbroccoli.Spotiqueue;
				PRODUCT_NAME = "$(TARGET_NAME)";
				SWIFT_OBJC_BRIDGING_HEADER = "Spotiqueue-Bridging-Header.h";
				SWIFT_VERSION = 5.0;
				VERSIONING_SYSTEM = "apple-generic";
			};
			name = Release;
		};
/* End XCBuildConfiguration section */

/* Begin XCConfigurationList section */
		DAE1F17926534D660013704F /* Build configuration list for PBXProject "Spotiqueue" */ = {
			isa = XCConfigurationList;
			buildConfigurations = (
				DAE1F18A26534D670013704F /* Debug */,
				DAE1F18B26534D670013704F /* Release */,
			);
			defaultConfigurationIsVisible = 0;
			defaultConfigurationName = Release;
		};
		DAE1F18C26534D670013704F /* Build configuration list for PBXNativeTarget "Spotiqueue" */ = {
			isa = XCConfigurationList;
			buildConfigurations = (
				DAE1F18D26534D670013704F /* Debug */,
				DAE1F18E26534D670013704F /* Release */,
			);
			defaultConfigurationIsVisible = 0;
			defaultConfigurationName = Release;
		};
/* End XCConfigurationList section */

/* Begin XCRemoteSwiftPackageReference section */
		DA5AFB0A2656591300C6C468 /* XCRemoteSwiftPackageReference "stenographer" */ = {
			isa = XCRemoteSwiftPackageReference;
			repositoryURL = "https://github.com/t9mike/stenographer.git";
			requirement = {
				kind = revision;
				revision = 839b227132ae606a0fcd46ceac9b5236b4318774;
			};
		};
		DAAE2EFF2653EA1F00FF0344 /* XCRemoteSwiftPackageReference "SpotifyAPI" */ = {
			isa = XCRemoteSwiftPackageReference;
			repositoryURL = "https://github.com/Peter-Schorn/SpotifyAPI.git";
			requirement = {
				kind = upToNextMajorVersion;
				minimumVersion = 2.0.0;
			};
		};
		DABEC9102653799100CA3F67 /* XCRemoteSwiftPackageReference "keychain-swift" */ = {
			isa = XCRemoteSwiftPackageReference;
			repositoryURL = "https://github.com/evgenyneu/keychain-swift.git";
			requirement = {
				kind = upToNextMajorVersion;
				minimumVersion = 19.0.0;
			};
		};
		EC97CFAE2679E29000A0361C /* XCRemoteSwiftPackageReference "AppMover" */ = {
			isa = XCRemoteSwiftPackageReference;
			repositoryURL = "https://github.com/toothbrush/AppMover.git";
			requirement = {
				branch = master;
				kind = branch;
			};
		};
/* End XCRemoteSwiftPackageReference section */

/* Begin XCSwiftPackageProductDependency section */
		DA5AFB0B2656591300C6C468 /* Stenographer */ = {
			isa = XCSwiftPackageProductDependency;
			package = DA5AFB0A2656591300C6C468 /* XCRemoteSwiftPackageReference "stenographer" */;
			productName = Stenographer;
		};
		DAAE2F002653EA1F00FF0344 /* SpotifyAPI */ = {
			isa = XCSwiftPackageProductDependency;
			package = DAAE2EFF2653EA1F00FF0344 /* XCRemoteSwiftPackageReference "SpotifyAPI" */;
			productName = SpotifyAPI;
		};
		DABEC9112653799100CA3F67 /* KeychainSwift */ = {
			isa = XCSwiftPackageProductDependency;
			package = DABEC9102653799100CA3F67 /* XCRemoteSwiftPackageReference "keychain-swift" */;
			productName = KeychainSwift;
		};
		EC97CFAF2679E29000A0361C /* AppMover */ = {
			isa = XCSwiftPackageProductDependency;
			package = EC97CFAE2679E29000A0361C /* XCRemoteSwiftPackageReference "AppMover" */;
			productName = AppMover;
		};
/* End XCSwiftPackageProductDependency section */
	};
	rootObject = DAE1F17626534D660013704F /* Project object */;
}
