{
  "originHash" : "8a8dbaf9ac133c9cb175ffefbf0eb06403c5e0a14b3d0115a265b4ef349457c4",
  "pins" : [
    {
      "identity" : "appmover",
      "kind" : "remoteSourceControl",
      "location" : "https://github.com/toothbrush/AppMover.git",
      "state" : {
        "branch" : "master",
        "revision" : "25b7ddd962dcab70e15a2daceb2bfee5b62ecb76"
      }
    },
    {
      "identity" : "keychain-swift",
      "kind" : "remoteSourceControl",
      "location" : "https://github.com/evgenyneu/keychain-swift.git",
      "state" : {
        "revision" : "96fb84f45a96630e7583903bd7e08cf095c7a7ef",
        "version" : "19.0.0"
      }
    },
    {
      "identity" : "opencombine",
      "kind" : "remoteSourceControl",
      "location" : "https://github.com/OpenCombine/OpenCombine.git",
      "state" : {
        "revision" : "8576f0d579b27020beccbccc3ea6844f3ddfc2c2",
        "version" : "0.14.0"
      }
    },
    {
      "identity" : "regularexpressions",
      "kind" : "remoteSourceControl",
      "location" : "https://github.com/Peter-Schorn/RegularExpressions.git",
      "state" : {
        "revision" : "b27140d0bd3a9a1e61f2324f644219be98eb3311",
        "version" : "2.2.0"
      }
    },
    {
      "identity" : "spotifyapi",
      "kind" : "remoteSourceControl",
      "location" : "https://github.com/Peter-Schorn/SpotifyAPI.git",
      "state" : {
        "revision" : "391af49951fa2a854f63bde1e6f6726ba2763da7",
        "version" : "4.0.2"
      }
    },
    {
      "identity" : "stenographer",
      "kind" : "remoteSourceControl",
      "location" : "https://github.com/t9mike/stenographer.git",
      "state" : {
        "revision" : "839b227132ae606a0fcd46ceac9b5236b4318774"
      }
    },
    {
      "identity" : "swift-crypto",
      "kind" : "remoteSourceControl",
      "location" : "https://github.com/apple/swift-crypto.git",
      "state" : {
        "revision" : "ddb07e896a2a8af79512543b1c7eb9797f8898a5",
        "version" : "1.1.7"
      }
    },
    {
      "identity" : "swift-log",
      "kind" : "remoteSourceControl",
      "location" : "https://github.com/apple/swift-log.git",
      "state" : {
        "revision" : "ce592ae52f982c847a4efc0dd881cc9eb32d29f2",
        "version" : "1.6.4"
      }
    }
  ],
  "version" : 3
}
