{
  "object": {
    "pins": [
      {
        "package": "KeychainSwift",
        "repositoryURL": "https://github.com/evgenyneu/keychain-swift.git",
        "state": {
          "branch": null,
          "revision": "96fb84f45a96630e7583903bd7e08cf095c7a7ef",
          "version": "19.0.0"
        }
      },
      {
        "package": "OpenCombine",
        "repositoryURL": "https://github.com/OpenCombine/OpenCombine.git",
        "state": {
          "branch": null,
          "revision": "28993ae57de5a4ea7e164787636cafad442d568c",
          "version": "0.12.0"
        }
      },
      {
        "package": "RegularExpressions",
        "repositoryURL": "https://github.com/Peter-Schorn/RegularExpressions.git",
        "state": {
          "branch": null,
          "revision": "b27140d0bd3a9a1e61f2324f644219be98eb3311",
          "version": "2.2.0"
        }
      },
      {
        "package": "SpotifyAPI",
        "repositoryURL": "https://github.com/Peter-Schorn/SpotifyAPI.git",
        "state": {
          "branch": null,
          "revision": "4faf212e0a3b756b18be31a24c3dc9d573dea925",
          "version": "2.0.0"
        }
      },
      {
        "package": "Stenographer",
        "repositoryURL": "https://github.com/t9mike/stenographer.git",
        "state": {
          "branch": null,
          "revision": "839b227132ae606a0fcd46ceac9b5236b4318774",
          "version": null
        }
      },
      {
        "package": "swift-crypto",
        "repositoryURL": "https://github.com/apple/swift-crypto.git",
        "state": {
          "branch": null,
          "revision": "3bea268b223651c4ab7b7b9ad62ef9b2d4143eb6",
          "version": "1.1.6"
        }
      },
      {
        "package": "swift-log",
        "repositoryURL": "https://github.com/apple/swift-log.git",
        "state": {
          "branch": null,
          "revision": "5d66f7ba25daf4f94100e7022febf3c75e37a6c7",
          "version": "1.4.2"
        }
      }
    ]
  },
  "version": 1
}
