// !$*UTF8*$!
{
	archiveVersion = 1;
	objectVersion = 42;
	objects = {
		CA6082D5087E358A423B78E1 = {
			isa = PBXGroup;
			children = (
				CA608C4066FA1B9855E8FC84,
ADDEDBA66A6E2,
CA604CF49B10C8688338886F,

			);
			sourceTree = "<group>";
		};

		
		CA606788D0A6F2996E6A3E81 /* staticlib */ = {
			isa = PBXFileReference;
			explicitFileType = "archive.ar";
			includeInIndex = 0;
			name = libspotiqueue_worker.a;
			sourceTree = BUILT_PRODUCTS_DIR;
		};CA6032F99B66987AD35F8A1F /* spotiqueue_worker-staticlib */ = {
			isa = PBXNativeTarget;
			buildConfigurationList = CA60191541D57F698E4224B8;
			buildPhases = (
				CA601F9EC8CCD3DD47A172EA
			);
			buildRules = (
			);
			dependencies = (
				CA60B808C3005BF7041D21AA
			);
			name = "spotiqueue_worker-staticlib";
			productName = "libspotiqueue_worker.a";
			productReference = CA606788D0A6F2996E6A3E81;
			productType = "com.apple.product-type.library.static";
		};
		CA603CFA703E0026F343F10C = {
			isa = PBXAggregateTarget;
			buildConfigurationList = CA60B659DCA9F42DA038621E;
			buildPhases = (
				CA60B9AD396E93ECDE66909C
			);
			dependencies = (
			);
			name = Cargo;
			productName = Cargo;
		};
			CA601F9EC8CCD3DD47A172EA = {
					isa = PBXShellScriptBuildPhase;
					buildActionMask = 2147483647;
					name = "Copy files (libspotiqueue_worker.a)";
					files = (
					);
					inputFileListPaths = (
					);
					inputPaths = (
						"$(CARGO_XCODE_PRODUCTS_DIR)/libspotiqueue_worker.a",
					);
					outputFileListPaths = (
					);
					outputPaths = (
						"$(BUILT_PRODUCTS_DIR)/libspotiqueue_worker.a",
					);
					runOnlyForDeploymentPostprocessing = 0;
					shellPath = /bin/sh;
					shellScript = "ln -f \"${CARGO_XCODE_PRODUCTS_DIR}/libspotiqueue_worker.a\" \"${BUILT_PRODUCTS_DIR}/\"";
				};
				
		CA60191541D57F698E4224B8 /* staticlib */ = {
			isa = XCConfigurationList;
			buildConfigurations = (
				CA608EC0BE03388FC119A9D9 /* Release */,
				CA60E30BE7E1377C7457BDAC /* Debug */,
			);
			defaultConfigurationIsVisible = 0;
			defaultConfigurationName = Release;
		};
			CA608EC0BE03388FC119A9D9 /* staticlib */ = {
				isa = XCBuildConfiguration;
				buildSettings = {
					PRODUCT_NAME = "spotiqueue_worker";
					SKIP_INSTALL = YES;
				INSTALL_GROUP = "";
				INSTALL_MODE_FLAG = "";
				INSTALL_OWNER = "";
				};
				name = Release;
			};
			CA60E30BE7E1377C7457BDAC /* staticlib */ = {
				isa = XCBuildConfiguration;
				buildSettings = {
					PRODUCT_NAME = "spotiqueue_worker";
					SKIP_INSTALL = YES;
				INSTALL_GROUP = "";
				INSTALL_MODE_FLAG = "";
				INSTALL_OWNER = "";
				};
				name = Debug;
			};CA60B9AD396E93ECDE66909C = {
				isa = PBXShellScriptBuildPhase;
				buildActionMask = 2147483647;
				name = "Cargo build";
				files = (
				);
				inputFileListPaths = (
				);
				inputPaths = (
					"$(SRCROOT)/Cargo.toml"
				);
				outputFileListPaths = (
				);
				outputPaths = (
				);
				runOnlyForDeploymentPostprocessing = 0;
				shellPath = /bin/bash;
				shellScript = "set -e; export PATH=$PATH:~/.cargo/bin:/usr/local/bin;
if [ \"$ACTION\" = \"clean\" ]; then
	cargo clean;
else
	cargo build $CARGO_FLAGS;
fi
";
		};
			
				CA608C4066FA1B9855E8FC84 /* Cargo.toml */ = {
					isa = PBXFileReference;
					lastKnownFileType = "sourcecode.text-based-dylib-definition";
					fileEncoding = 4;
					path = Cargo.toml;
					sourceTree = "<group>";
			};
					/* Rust needs libresolv */
					ADDEDBA66A6E1 = {
						isa = PBXFileReference; lastKnownFileType = "sourcecode.text-based-dylib-definition";
						name = libresolv.tbd; path = usr/lib/libresolv.tbd; sourceTree = SDKROOT;
					};
				
				ADDEDBA66A6E2 = {
					isa = PBXGroup;
					children = (
						ADDEDBA66A6E1
					);
					name = "Required Libraries";
					sourceTree = "<group>";
				};

		CA604CF49B10C8688338886F = {
			isa = PBXGroup;
			children = (
				CA606788D0A6F2996E6A3E81,

			);
			name = Products;
			sourceTree = "<group>";
		};

		CA608C5933024C7817A28E08 = {
			isa = PBXContainerItemProxy;
			containerPortal = CA60DA0A4EE34F93DCB13DC3;
			proxyType = 1;
			remoteGlobalIDString = CA603CFA703E0026F343F10C;
			remoteInfo = Cargo;
		};

		CA60B808C3005BF7041D21AA = {
			isa = PBXTargetDependency;
			target = CA603CFA703E0026F343F10C;
			targetProxy = CA608C5933024C7817A28E08;
		};

		CA60B659DCA9F42DA038621E = {
			isa = XCConfigurationList;
			buildConfigurations = (
				CA60712A569787A3DDA37EC8 /* Release */,
				CA601198953EA4AF167120C5 /* Debug */,
			);
			defaultConfigurationIsVisible = 0;
			defaultConfigurationName = Release;
		};

		CA60712A569787A3DDA37EC8 = {
			isa = XCBuildConfiguration;
			buildSettings = {
				CARGO_TARGET_DIR = "$(BUILD_DIR)/cargo-target"; /* for cargo */
				CARGO_XCODE_PRODUCTS_DIR = "$(BUILD_DIR)/cargo-target/release"; /* for xcode scripts */
				CARGO_FLAGS = "--release";
				ARCHS = "$(NATIVE_ARCH_ACTUAL)";
				ONLY_ACTIVE_ARCH = YES;
				SDKROOT = macosx;
				PRODUCT_NAME = "spotiqueue_worker";
			};
			name = Release;
		};

		CA601198953EA4AF167120C5 = {
			isa = XCBuildConfiguration;
			buildSettings = {
				CARGO_TARGET_DIR = "$(BUILD_DIR)/cargo-target";
				CARGO_XCODE_PRODUCTS_DIR = "$(BUILD_DIR)/cargo-target/debug";
				CARGO_FLAGS = "";
				ARCHS = "$(NATIVE_ARCH_ACTUAL)";
				ONLY_ACTIVE_ARCH = YES;
				SDKROOT = macosx;
				PRODUCT_NAME = "spotiqueue_worker";
			};
			name = Debug;
		};

		CA60DA0A4EE34F93DCB13DC3 = {
			isa = PBXProject;
			attributes = {
				LastUpgradeCheck = 0920;
				TargetAttributes = {
					CA6032F99B66987AD35F8A1F = {
						CreatedOnToolsVersion = 9.2;
						ProvisioningStyle = Automatic;
					};
					CA603CFA703E0026F343F10C = {
						CreatedOnToolsVersion = 9.2;
						ProvisioningStyle = Automatic;
					};
					                };
			};
			buildConfigurationList = CA60B659DCA9F42DA038621E;
			compatibilityVersion = "Xcode 8.0";
			mainGroup = CA6082D5087E358A423B78E1;
			productRefGroup = CA604CF49B10C8688338886F;
			projectDirPath = "";
			projectRoot = "";
			targets = (
				CA6032F99B66987AD35F8A1F,
CA603CFA703E0026F343F10C,

			);
		};
	};
	rootObject = CA60DA0A4EE34F93DCB13DC3;
}
	